[root]
name = "pwat"
version = "0.1.1"
dependencies = [
 "rpassword 0.0.4 (registry+https://github.com/rust-lang/crates.io-index)",
]

[[package]]
name = "libc"
version = "0.1.12"
source = "registry+https://github.com/rust-lang/crates.io-index"

[[package]]
name = "rpassword"
version = "0.0.4"
source = "registry+https://github.com/rust-lang/crates.io-index"
dependencies = [
 "libc 0.1.12 (registry+https://github.com/rust-lang/crates.io-index)",
 "termios 0.0.5 (registry+https://github.com/rust-lang/crates.io-index)",
]

[[package]]
name = "termios"
version = "0.0.5"
source = "registry+https://github.com/rust-lang/crates.io-index"
dependencies = [
 "libc 0.1.12 (registry+https://github.com/rust-lang/crates.io-index)",
]

